
Microsoft Visual Studio Solution File, Format Version 12.00
# Visual Studio Version 16
VisualStudioVersion = 16.0.31321.278
MinimumVisualStudioVersion = 10.0.40219.1
Project("{9A19103F-16F7-4668-BE54-9A1E7A4F7556}") = "API", "API\API.csproj", "{11178BE1-BDCE-4239-964F-19B1E2D6E187}"
EndProject
Project("{9A19103F-16F7-4668-BE54-9A1E7A4F7556}") = "Application", "Application\Application.csproj", "{3FB2562D-6011-43DF-B252-58D76334785C}"
EndProject
Project("{9A19103F-16F7-4668-BE54-9A1E7A4F7556}") = "Domain", "Domain\Domain.csproj", "{AEBC2D34-96B3-44B8-AF39-B1F9B8633AD0}"
EndProject
Project("{9A19103F-16F7-4668-BE54-9A1E7A4F7556}") = "Persistence", "Persistence\Persistence.csproj", "{D476AD1E-C279-444C-B1B4-73CFE5B95127}"
EndProject
Project("{FAE04EC0-301F-11D3-BF4B-00C04F79EFBC}") = "Client-App", "Client-App\Client-App.csproj", "{3DF7D9C5-5E39-431D-9182-9804571FBEE6}"
EndProject
Global
	GlobalSection(SolutionConfigurationPlatforms) = preSolution
		Debug|Any CPU = Debug|Any CPU
		Release|Any CPU = Release|Any CPU
	EndGlobalSection
	GlobalSection(ProjectConfigurationPlatforms) = postSolution
		{11178BE1-BDCE-4239-964F-19B1E2D6E187}.Debug|Any CPU.ActiveCfg = Debug|Any CPU
		{11178BE1-BDCE-4239-964F-19B1E2D6E187}.Debug|Any CPU.Build.0 = Debug|Any CPU
		{11178BE1-BDCE-4239-964F-19B1E2D6E187}.Release|Any CPU.ActiveCfg = Release|Any CPU
		{11178BE1-BDCE-4239-964F-19B1E2D6E187}.Release|Any CPU.Build.0 = Release|Any CPU
		{3FB2562D-6011-43DF-B252-58D76334785C}.Debug|Any CPU.ActiveCfg = Debug|Any CPU
		{3FB2562D-6011-43DF-B252-58D76334785C}.Debug|Any CPU.Build.0 = Debug|Any CPU
		{3FB2562D-6011-43DF-B252-58D76334785C}.Release|Any CPU.ActiveCfg = Release|Any CPU
		{3FB2562D-6011-43DF-B252-58D76334785C}.Release|Any CPU.Build.0 = Release|Any CPU
		{AEBC2D34-96B3-44B8-AF39-B1F9B8633AD0}.Debug|Any CPU.ActiveCfg = Debug|Any CPU
		{AEBC2D34-96B3-44B8-AF39-B1F9B8633AD0}.Debug|Any CPU.Build.0 = Debug|Any CPU
		{AEBC2D34-96B3-44B8-AF39-B1F9B8633AD0}.Release|Any CPU.ActiveCfg = Release|Any CPU
		{AEBC2D34-96B3-44B8-AF39-B1F9B8633AD0}.Release|Any CPU.Build.0 = Release|Any CPU
		{D476AD1E-C279-444C-B1B4-73CFE5B95127}.Debug|Any CPU.ActiveCfg = Debug|Any CPU
		{D476AD1E-C279-444C-B1B4-73CFE5B95127}.Debug|Any CPU.Build.0 = Debug|Any CPU
		{D476AD1E-C279-444C-B1B4-73CFE5B95127}.Release|Any CPU.ActiveCfg = Release|Any CPU
		{D476AD1E-C279-444C-B1B4-73CFE5B95127}.Release|Any CPU.Build.0 = Release|Any CPU
		{3DF7D9C5-5E39-431D-9182-9804571FBEE6}.Debug|Any CPU.ActiveCfg = Debug|Any CPU
		{3DF7D9C5-5E39-431D-9182-9804571FBEE6}.Debug|Any CPU.Build.0 = Debug|Any CPU
		{3DF7D9C5-5E39-431D-9182-9804571FBEE6}.Release|Any CPU.ActiveCfg = Release|Any CPU
		{3DF7D9C5-5E39-431D-9182-9804571FBEE6}.Release|Any CPU.Build.0 = Release|Any CPU
	EndGlobalSection
	GlobalSection(SolutionProperties) = preSolution
		HideSolutionNode = FALSE
	EndGlobalSection
	GlobalSection(ExtensibilityGlobals) = postSolution
		SolutionGuid = {D143FC60-E32E-4B2F-A13F-762467FA6E6A}
	EndGlobalSection
EndGlobal
